
Microsoft Visual Studio Solution File, Format Version 12.00
# Visual Studio Version 17
VisualStudioVersion = 17.11.35222.181
MinimumVisualStudioVersion = 10.0.40219.1
Project("{FAE04EC0-301F-11D3-BF4B-00C04F79EFBC}") = "abcRetail", "abcRetail\abcRetail.csproj", "{77982332-C7C2-4684-A5FF-000A9D7A93DE}"
EndProject
Global
	GlobalSection(SolutionConfigurationPlatforms) = preSolution
		Debug|Any CPU = Debug|Any CPU
		Release|Any CPU = Release|Any CPU
	EndGlobalSection
	GlobalSection(ProjectConfigurationPlatforms) = postSolution
		{77982332-C7C2-4684-A5FF-000A9D7A93DE}.Debug|Any CPU.ActiveCfg = Debug|Any CPU
		{77982332-C7C2-4684-A5FF-000A9D7A93DE}.Debug|Any CPU.Build.0 = Debug|Any CPU
		{77982332-C7C2-4684-A5FF-000A9D7A93DE}.Release|Any CPU.ActiveCfg = Release|Any CPU
		{77982332-C7C2-4684-A5FF-000A9D7A93DE}.Release|Any CPU.Build.0 = Release|Any CPU
	EndGlobalSection
	GlobalSection(SolutionProperties) = preSolution
		HideSolutionNode = FALSE
	EndGlobalSection
	GlobalSection(ExtensibilityGlobals) = postSolution
		SolutionGuid = {72DE0E38-559E-4AFC-A3F3-CAE1A4AFF737}
	EndGlobalSection
EndGlobal
